
Microsoft Visual Studio Solution File, Format Version 12.00
# Visual Studio Version 17
VisualStudioVersion = 17.13.35806.99 d17.13
MinimumVisualStudioVersion = 10.0.40219.1
Project("{8BC9CEB8-8B4A-11D0-8D11-00A0C91BC942}") = "HECU", "HECU.vcxproj", "{5D35669C-610C-47A7-8D86-3370481913F2}"
EndProject
Global
	GlobalSection(SolutionConfigurationPlatforms) = preSolution
		Debug|x64 = Debug|x64
		Debug|x86 = Debug|x86
		Release|x64 = Release|x64
		Release|x86 = Release|x86
	EndGlobalSection
	GlobalSection(ProjectConfigurationPlatforms) = postSolution
		{5D35669C-610C-47A7-8D86-3370481913F2}.Debug|x64.ActiveCfg = Debug|x64
		{5D35669C-610C-47A7-8D86-3370481913F2}.Debug|x64.Build.0 = Debug|x64
		{5D35669C-610C-47A7-8D86-3370481913F2}.Debug|x86.ActiveCfg = Debug|Win32
		{5D35669C-610C-47A7-8D86-3370481913F2}.Debug|x86.Build.0 = Debug|Win32
		{5D35669C-610C-47A7-8D86-3370481913F2}.Release|x64.ActiveCfg = Release|x64
		{5D35669C-610C-47A7-8D86-3370481913F2}.Release|x64.Build.0 = Release|x64
		{5D35669C-610C-47A7-8D86-3370481913F2}.Release|x86.ActiveCfg = Release|Win32
		{5D35669C-610C-47A7-8D86-3370481913F2}.Release|x86.Build.0 = Release|Win32
	EndGlobalSection
	GlobalSection(SolutionProperties) = preSolution
		HideSolutionNode = FALSE
	EndGlobalSection
	GlobalSection(ExtensibilityGlobals) = postSolution
		SolutionGuid = {693E7377-D237-416A-B42E-8D56B80C8427}
	EndGlobalSection
EndGlobal
